
Microsoft Visual Studio Solution File, Format Version 12.00
# Visual Studio Version 17
VisualStudioVersion = 17.11.35219.272
MinimumVisualStudioVersion = 10.0.40219.1
Project("{8BC9CEB8-8B4A-11D0-8D11-00A0C91BC942}") = "001_format", "001_format\001_format.vcxproj", "{B4120233-3DDA-4DC3-B192-B35533CE5FFD}"
EndProject
Project("{8BC9CEB8-8B4A-11D0-8D11-00A0C91BC942}") = "002", "002\002.vcxproj", "{EA6CCFD5-34D3-4ADC-8E61-CD3E19A636DF}"
EndProject
Project("{8BC9CEB8-8B4A-11D0-8D11-00A0C91BC942}") = "003", "003\003.vcxproj", "{3CADE6C8-DD79-4D7C-B48D-4C9F5A60262E}"
EndProject
Project("{8BC9CEB8-8B4A-11D0-8D11-00A0C91BC942}") = "004", "004\004.vcxproj", "{CFF7A137-7A08-403B-AA3C-65362275A393}"
EndProject
Project("{8BC9CEB8-8B4A-11D0-8D11-00A0C91BC942}") = "005", "005\005.vcxproj", "{D7EE50A3-5843-47BD-84BD-31DA67015617}"
EndProject
Project("{8BC9CEB8-8B4A-11D0-8D11-00A0C91BC942}") = "006", "006\006.vcxproj", "{EF150AA8-3814-418B-9191-0EA274455964}"
EndProject
Project("{8BC9CEB8-8B4A-11D0-8D11-00A0C91BC942}") = "007", "007\007.vcxproj", "{452E6AB0-E0B8-4A77-B516-ED15B44F21C0}"
EndProject
Project("{8BC9CEB8-8B4A-11D0-8D11-00A0C91BC942}") = "008", "008\008.vcxproj", "{07FE4ED7-29B5-444A-938F-551B98694297}"
EndProject
Project("{8BC9CEB8-8B4A-11D0-8D11-00A0C91BC942}") = "009", "009\009.vcxproj", "{5AFA57EE-4054-4E7B-87B5-C0FF99F21B5D}"
EndProject
Project("{8BC9CEB8-8B4A-11D0-8D11-00A0C91BC942}") = "010", "010\010.vcxproj", "{615886D7-81D8-453F-AB54-D9E9EF431E5B}"
EndProject
Project("{8BC9CEB8-8B4A-11D0-8D11-00A0C91BC942}") = "011", "011\011.vcxproj", "{D7385AB3-C8F2-495F-B9F2-37C8112C7B0D}"
EndProject
Project("{8BC9CEB8-8B4A-11D0-8D11-00A0C91BC942}") = "012", "012\012.vcxproj", "{CF10A33A-40C3-41A4-B42D-7D113D0533BD}"
EndProject
Global
	GlobalSection(SolutionConfigurationPlatforms) = preSolution
		Debug|x64 = Debug|x64
		Debug|x86 = Debug|x86
		Release|x64 = Release|x64
		Release|x86 = Release|x86
	EndGlobalSection
	GlobalSection(ProjectConfigurationPlatforms) = postSolution
		{B4120233-3DDA-4DC3-B192-B35533CE5FFD}.Debug|x64.ActiveCfg = Debug|x64
		{B4120233-3DDA-4DC3-B192-B35533CE5FFD}.Debug|x64.Build.0 = Debug|x64
		{B4120233-3DDA-4DC3-B192-B35533CE5FFD}.Debug|x86.ActiveCfg = Debug|Win32
		{B4120233-3DDA-4DC3-B192-B35533CE5FFD}.Debug|x86.Build.0 = Debug|Win32
		{B4120233-3DDA-4DC3-B192-B35533CE5FFD}.Release|x64.ActiveCfg = Release|x64
		{B4120233-3DDA-4DC3-B192-B35533CE5FFD}.Release|x64.Build.0 = Release|x64
		{B4120233-3DDA-4DC3-B192-B35533CE5FFD}.Release|x86.ActiveCfg = Release|Win32
		{B4120233-3DDA-4DC3-B192-B35533CE5FFD}.Release|x86.Build.0 = Release|Win32
		{EA6CCFD5-34D3-4ADC-8E61-CD3E19A636DF}.Debug|x64.ActiveCfg = Debug|x64
		{EA6CCFD5-34D3-4ADC-8E61-CD3E19A636DF}.Debug|x64.Build.0 = Debug|x64
		{EA6CCFD5-34D3-4ADC-8E61-CD3E19A636DF}.Debug|x86.ActiveCfg = Debug|Win32
		{EA6CCFD5-34D3-4ADC-8E61-CD3E19A636DF}.Debug|x86.Build.0 = Debug|Win32
		{EA6CCFD5-34D3-4ADC-8E61-CD3E19A636DF}.Release|x64.ActiveCfg = Release|x64
		{EA6CCFD5-34D3-4ADC-8E61-CD3E19A636DF}.Release|x64.Build.0 = Release|x64
		{EA6CCFD5-34D3-4ADC-8E61-CD3E19A636DF}.Release|x86.ActiveCfg = Release|Win32
		{EA6CCFD5-34D3-4ADC-8E61-CD3E19A636DF}.Release|x86.Build.0 = Release|Win32
		{3CADE6C8-DD79-4D7C-B48D-4C9F5A60262E}.Debug|x64.ActiveCfg = Debug|x64
		{3CADE6C8-DD79-4D7C-B48D-4C9F5A60262E}.Debug|x64.Build.0 = Debug|x64
		{3CADE6C8-DD79-4D7C-B48D-4C9F5A60262E}.Debug|x86.ActiveCfg = Debug|Win32
		{3CADE6C8-DD79-4D7C-B48D-4C9F5A60262E}.Debug|x86.Build.0 = Debug|Win32
		{3CADE6C8-DD79-4D7C-B48D-4C9F5A60262E}.Release|x64.ActiveCfg = Release|x64
		{3CADE6C8-DD79-4D7C-B48D-4C9F5A60262E}.Release|x64.Build.0 = Release|x64
		{3CADE6C8-DD79-4D7C-B48D-4C9F5A60262E}.Release|x86.ActiveCfg = Release|Win32
		{3CADE6C8-DD79-4D7C-B48D-4C9F5A60262E}.Release|x86.Build.0 = Release|Win32
		{CFF7A137-7A08-403B-AA3C-65362275A393}.Debug|x64.ActiveCfg = Debug|x64
		{CFF7A137-7A08-403B-AA3C-65362275A393}.Debug|x64.Build.0 = Debug|x64
		{CFF7A137-7A08-403B-AA3C-65362275A393}.Debug|x86.ActiveCfg = Debug|Win32
		{CFF7A137-7A08-403B-AA3C-65362275A393}.Debug|x86.Build.0 = Debug|Win32
		{CFF7A137-7A08-403B-AA3C-65362275A393}.Release|x64.ActiveCfg = Release|x64
		{CFF7A137-7A08-403B-AA3C-65362275A393}.Release|x64.Build.0 = Release|x64
		{CFF7A137-7A08-403B-AA3C-65362275A393}.Release|x86.ActiveCfg = Release|Win32
		{CFF7A137-7A08-403B-AA3C-65362275A393}.Release|x86.Build.0 = Release|Win32
		{D7EE50A3-5843-47BD-84BD-31DA67015617}.Debug|x64.ActiveCfg = Debug|x64
		{D7EE50A3-5843-47BD-84BD-31DA67015617}.Debug|x64.Build.0 = Debug|x64
		{D7EE50A3-5843-47BD-84BD-31DA67015617}.Debug|x86.ActiveCfg = Debug|Win32
		{D7EE50A3-5843-47BD-84BD-31DA67015617}.Debug|x86.Build.0 = Debug|Win32
		{D7EE50A3-5843-47BD-84BD-31DA67015617}.Release|x64.ActiveCfg = Release|x64
		{D7EE50A3-5843-47BD-84BD-31DA67015617}.Release|x64.Build.0 = Release|x64
		{D7EE50A3-5843-47BD-84BD-31DA67015617}.Release|x86.ActiveCfg = Release|Win32
		{D7EE50A3-5843-47BD-84BD-31DA67015617}.Release|x86.Build.0 = Release|Win32
		{EF150AA8-3814-418B-9191-0EA274455964}.Debug|x64.ActiveCfg = Debug|x64
		{EF150AA8-3814-418B-9191-0EA274455964}.Debug|x64.Build.0 = Debug|x64
		{EF150AA8-3814-418B-9191-0EA274455964}.Debug|x86.ActiveCfg = Debug|Win32
		{EF150AA8-3814-418B-9191-0EA274455964}.Debug|x86.Build.0 = Debug|Win32
		{EF150AA8-3814-418B-9191-0EA274455964}.Release|x64.ActiveCfg = Release|x64
		{EF150AA8-3814-418B-9191-0EA274455964}.Release|x64.Build.0 = Release|x64
		{EF150AA8-3814-418B-9191-0EA274455964}.Release|x86.ActiveCfg = Release|Win32
		{EF150AA8-3814-418B-9191-0EA274455964}.Release|x86.Build.0 = Release|Win32
		{452E6AB0-E0B8-4A77-B516-ED15B44F21C0}.Debug|x64.ActiveCfg = Debug|x64
		{452E6AB0-E0B8-4A77-B516-ED15B44F21C0}.Debug|x64.Build.0 = Debug|x64
		{452E6AB0-E0B8-4A77-B516-ED15B44F21C0}.Debug|x86.ActiveCfg = Debug|Win32
		{452E6AB0-E0B8-4A77-B516-ED15B44F21C0}.Debug|x86.Build.0 = Debug|Win32
		{452E6AB0-E0B8-4A77-B516-ED15B44F21C0}.Release|x64.ActiveCfg = Release|x64
		{452E6AB0-E0B8-4A77-B516-ED15B44F21C0}.Release|x64.Build.0 = Release|x64
		{452E6AB0-E0B8-4A77-B516-ED15B44F21C0}.Release|x86.ActiveCfg = Release|Win32
		{452E6AB0-E0B8-4A77-B516-ED15B44F21C0}.Release|x86.Build.0 = Release|Win32
		{07FE4ED7-29B5-444A-938F-551B98694297}.Debug|x64.ActiveCfg = Debug|x64
		{07FE4ED7-29B5-444A-938F-551B98694297}.Debug|x64.Build.0 = Debug|x64
		{07FE4ED7-29B5-444A-938F-551B98694297}.Debug|x86.ActiveCfg = Debug|Win32
		{07FE4ED7-29B5-444A-938F-551B98694297}.Debug|x86.Build.0 = Debug|Win32
		{07FE4ED7-29B5-444A-938F-551B98694297}.Release|x64.ActiveCfg = Release|x64
		{07FE4ED7-29B5-444A-938F-551B98694297}.Release|x64.Build.0 = Release|x64
		{07FE4ED7-29B5-444A-938F-551B98694297}.Release|x86.ActiveCfg = Release|Win32
		{07FE4ED7-29B5-444A-938F-551B98694297}.Release|x86.Build.0 = Release|Win32
		{5AFA57EE-4054-4E7B-87B5-C0FF99F21B5D}.Debug|x64.ActiveCfg = Debug|x64
		{5AFA57EE-4054-4E7B-87B5-C0FF99F21B5D}.Debug|x64.Build.0 = Debug|x64
		{5AFA57EE-4054-4E7B-87B5-C0FF99F21B5D}.Debug|x86.ActiveCfg = Debug|Win32
		{5AFA57EE-4054-4E7B-87B5-C0FF99F21B5D}.Debug|x86.Build.0 = Debug|Win32
		{5AFA57EE-4054-4E7B-87B5-C0FF99F21B5D}.Release|x64.ActiveCfg = Release|x64
		{5AFA57EE-4054-4E7B-87B5-C0FF99F21B5D}.Release|x64.Build.0 = Release|x64
		{5AFA57EE-4054-4E7B-87B5-C0FF99F21B5D}.Release|x86.ActiveCfg = Release|Win32
		{5AFA57EE-4054-4E7B-87B5-C0FF99F21B5D}.Release|x86.Build.0 = Release|Win32
		{615886D7-81D8-453F-AB54-D9E9EF431E5B}.Debug|x64.ActiveCfg = Debug|x64
		{615886D7-81D8-453F-AB54-D9E9EF431E5B}.Debug|x64.Build.0 = Debug|x64
		{615886D7-81D8-453F-AB54-D9E9EF431E5B}.Debug|x86.ActiveCfg = Debug|Win32
		{615886D7-81D8-453F-AB54-D9E9EF431E5B}.Debug|x86.Build.0 = Debug|Win32
		{615886D7-81D8-453F-AB54-D9E9EF431E5B}.Release|x64.ActiveCfg = Release|x64
		{615886D7-81D8-453F-AB54-D9E9EF431E5B}.Release|x64.Build.0 = Release|x64
		{615886D7-81D8-453F-AB54-D9E9EF431E5B}.Release|x86.ActiveCfg = Release|Win32
		{615886D7-81D8-453F-AB54-D9E9EF431E5B}.Release|x86.Build.0 = Release|Win32
		{D7385AB3-C8F2-495F-B9F2-37C8112C7B0D}.Debug|x64.ActiveCfg = Debug|x64
		{D7385AB3-C8F2-495F-B9F2-37C8112C7B0D}.Debug|x64.Build.0 = Debug|x64
		{D7385AB3-C8F2-495F-B9F2-37C8112C7B0D}.Debug|x86.ActiveCfg = Debug|Win32
		{D7385AB3-C8F2-495F-B9F2-37C8112C7B0D}.Debug|x86.Build.0 = Debug|Win32
		{D7385AB3-C8F2-495F-B9F2-37C8112C7B0D}.Release|x64.ActiveCfg = Release|x64
		{D7385AB3-C8F2-495F-B9F2-37C8112C7B0D}.Release|x64.Build.0 = Release|x64
		{D7385AB3-C8F2-495F-B9F2-37C8112C7B0D}.Release|x86.ActiveCfg = Release|Win32
		{D7385AB3-C8F2-495F-B9F2-37C8112C7B0D}.Release|x86.Build.0 = Release|Win32
		{CF10A33A-40C3-41A4-B42D-7D113D0533BD}.Debug|x64.ActiveCfg = Debug|x64
		{CF10A33A-40C3-41A4-B42D-7D113D0533BD}.Debug|x64.Build.0 = Debug|x64
		{CF10A33A-40C3-41A4-B42D-7D113D0533BD}.Debug|x86.ActiveCfg = Debug|Win32
		{CF10A33A-40C3-41A4-B42D-7D113D0533BD}.Debug|x86.Build.0 = Debug|Win32
		{CF10A33A-40C3-41A4-B42D-7D113D0533BD}.Release|x64.ActiveCfg = Release|x64
		{CF10A33A-40C3-41A4-B42D-7D113D0533BD}.Release|x64.Build.0 = Release|x64
		{CF10A33A-40C3-41A4-B42D-7D113D0533BD}.Release|x86.ActiveCfg = Release|Win32
		{CF10A33A-40C3-41A4-B42D-7D113D0533BD}.Release|x86.Build.0 = Release|Win32
	EndGlobalSection
	GlobalSection(SolutionProperties) = preSolution
		HideSolutionNode = FALSE
	EndGlobalSection
	GlobalSection(ExtensibilityGlobals) = postSolution
		SolutionGuid = {1005B383-BEBD-4FD3-A849-CC000E36C335}
	EndGlobalSection
EndGlobal
